
Microsoft Visual Studio Solution File, Format Version 12.00
# Visual Studio Version 16
VisualStudioVersion = 16.0.29613.14
MinimumVisualStudioVersion = 10.0.40219.1
Project("{9A19103F-16F7-4668-BE54-9A1E7A4F7556}") = "VinylExchange", "VinylExchange\VinylExchange.csproj", "{A3CAD0FD-885B-4AD6-9EDE-81E2E38ACD23}"
EndProject
Project("{2150E333-8FDC-42A3-9474-1A3956D46DE8}") = "Services", "Services", "{D991CB2E-CE38-4DEE-9DCF-AB11AE174B10}"
EndProject
Project("{9A19103F-16F7-4668-BE54-9A1E7A4F7556}") = "VinylExchange.Services.Mapping", "Services\VinylExchange.Services.Mapping\VinylExchange.Services.Mapping.csproj", "{0AF57DB3-899E-47C9-8C87-DB73D06BF886}"
EndProject
Project("{9A19103F-16F7-4668-BE54-9A1E7A4F7556}") = "VinylExchange.Services.Data", "Services\VinylExchange.Services\VinylExchange.Services.Data.csproj", "{9065D74C-5517-4746-B0FA-59209B83A6A4}"
EndProject
Project("{9A19103F-16F7-4668-BE54-9A1E7A4F7556}") = "VinylExchange.Services.Files", "Services\VinylEchange.Services.Files\VinylExchange.Services.Files.csproj", "{13BF96CB-74CF-40AD-8256-BA76C7B7A05A}"
EndProject
Project("{2150E333-8FDC-42A3-9474-1A3956D46DE8}") = "Data", "Data", "{F179BE77-4DF4-435B-BCE5-C8DC2F39C236}"
EndProject
Project("{9A19103F-16F7-4668-BE54-9A1E7A4F7556}") = "VinylExchange.Data", "Data\VinylExchange.Data\VinylExchange.Data.csproj", "{58CA0D20-B0FD-47B6-AF20-7158BEE24557}"
EndProject
Project("{9A19103F-16F7-4668-BE54-9A1E7A4F7556}") = "VinylExchange.Data.Models", "Data\VinylExchange.Data.Models\VinylExchange.Data.Models.csproj", "{06FF31B6-031E-48DD-8CF9-75C24355611B}"
EndProject
Project("{2150E333-8FDC-42A3-9474-1A3956D46DE8}") = "Models", "Models", "{5458B1B8-B097-42B1-91AD-F79F451EAFAC}"
EndProject
Project("{9A19103F-16F7-4668-BE54-9A1E7A4F7556}") = "VinylExchange.Services.MemoryCache", "Services\VinylExchange.Services.MemoryCache\VinylExchange.Services.MemoryCache.csproj", "{DC26C154-9AE1-4762-B489-C555D25576CD}"
EndProject
Project("{9A19103F-16F7-4668-BE54-9A1E7A4F7556}") = "VinylExchange.Data.Common", "Data\VinylExchange.Data.Common\VinylExchange.Data.Common.csproj", "{C9B9D1E9-B202-43B8-8A8E-817ED0DD6E7D}"
EndProject
Project("{2150E333-8FDC-42A3-9474-1A3956D46DE8}") = "Common", "Common", "{E9897BC8-8857-4187-B534-484854FD4A27}"
EndProject
Project("{9A19103F-16F7-4668-BE54-9A1E7A4F7556}") = "VinylExchange.Common", "Common\VinylExchange.Common\VinylExchange.Common.csproj", "{E7F4D057-D142-4019-800E-B49B474A5963}"
EndProject
Project("{9A19103F-16F7-4668-BE54-9A1E7A4F7556}") = "VinylExchange.Models", "Models\VinylExchange.Models\VinylExchange.Models.csproj", "{12FAB19D-E098-4573-A536-69C6E6D62B35}"
EndProject
Project("{9A19103F-16F7-4668-BE54-9A1E7A4F7556}") = "VinylExchange.Services.Logging", "Services\VinylExchange.Services.Logging\VinylExchange.Services.Logging.csproj", "{21EA526F-FE0B-42C0-A19B-04E671F21B6D}"
EndProject
Project("{9A19103F-16F7-4668-BE54-9A1E7A4F7556}") = "VinylExchange.Services.Authentication", "Services\VinylExchange.Services.Authentication\VinylExchange.Services.Authentication.csproj", "{599DE079-92B2-4A21-89BB-5784D4DEABF2}"
EndProject
Project("{9A19103F-16F7-4668-BE54-9A1E7A4F7556}") = "VinylExchange.Services.EmailSender", "Services\VinylExchange.Services.EmaiSender\VinylExchange.Services.EmailSender.csproj", "{76836F56-DEBE-4E42-9C7F-A146D16E908A}"
EndProject
Global
	GlobalSection(SolutionConfigurationPlatforms) = preSolution
		Debug|Any CPU = Debug|Any CPU
		Release|Any CPU = Release|Any CPU
	EndGlobalSection
	GlobalSection(ProjectConfigurationPlatforms) = postSolution
		{A3CAD0FD-885B-4AD6-9EDE-81E2E38ACD23}.Debug|Any CPU.ActiveCfg = Debug|Any CPU
		{A3CAD0FD-885B-4AD6-9EDE-81E2E38ACD23}.Debug|Any CPU.Build.0 = Debug|Any CPU
		{A3CAD0FD-885B-4AD6-9EDE-81E2E38ACD23}.Release|Any CPU.ActiveCfg = Release|Any CPU
		{A3CAD0FD-885B-4AD6-9EDE-81E2E38ACD23}.Release|Any CPU.Build.0 = Release|Any CPU
		{0AF57DB3-899E-47C9-8C87-DB73D06BF886}.Debug|Any CPU.ActiveCfg = Debug|Any CPU
		{0AF57DB3-899E-47C9-8C87-DB73D06BF886}.Debug|Any CPU.Build.0 = Debug|Any CPU
		{0AF57DB3-899E-47C9-8C87-DB73D06BF886}.Release|Any CPU.ActiveCfg = Release|Any CPU
		{0AF57DB3-899E-47C9-8C87-DB73D06BF886}.Release|Any CPU.Build.0 = Release|Any CPU
		{9065D74C-5517-4746-B0FA-59209B83A6A4}.Debug|Any CPU.ActiveCfg = Debug|Any CPU
		{9065D74C-5517-4746-B0FA-59209B83A6A4}.Debug|Any CPU.Build.0 = Debug|Any CPU
		{9065D74C-5517-4746-B0FA-59209B83A6A4}.Release|Any CPU.ActiveCfg = Release|Any CPU
		{9065D74C-5517-4746-B0FA-59209B83A6A4}.Release|Any CPU.Build.0 = Release|Any CPU
		{13BF96CB-74CF-40AD-8256-BA76C7B7A05A}.Debug|Any CPU.ActiveCfg = Debug|Any CPU
		{13BF96CB-74CF-40AD-8256-BA76C7B7A05A}.Debug|Any CPU.Build.0 = Debug|Any CPU
		{13BF96CB-74CF-40AD-8256-BA76C7B7A05A}.Release|Any CPU.ActiveCfg = Release|Any CPU
		{13BF96CB-74CF-40AD-8256-BA76C7B7A05A}.Release|Any CPU.Build.0 = Release|Any CPU
		{58CA0D20-B0FD-47B6-AF20-7158BEE24557}.Debug|Any CPU.ActiveCfg = Debug|Any CPU
		{58CA0D20-B0FD-47B6-AF20-7158BEE24557}.Debug|Any CPU.Build.0 = Debug|Any CPU
		{58CA0D20-B0FD-47B6-AF20-7158BEE24557}.Release|Any CPU.ActiveCfg = Release|Any CPU
		{58CA0D20-B0FD-47B6-AF20-7158BEE24557}.Release|Any CPU.Build.0 = Release|Any CPU
		{06FF31B6-031E-48DD-8CF9-75C24355611B}.Debug|Any CPU.ActiveCfg = Debug|Any CPU
		{06FF31B6-031E-48DD-8CF9-75C24355611B}.Debug|Any CPU.Build.0 = Debug|Any CPU
		{06FF31B6-031E-48DD-8CF9-75C24355611B}.Release|Any CPU.ActiveCfg = Release|Any CPU
		{06FF31B6-031E-48DD-8CF9-75C24355611B}.Release|Any CPU.Build.0 = Release|Any CPU
		{DC26C154-9AE1-4762-B489-C555D25576CD}.Debug|Any CPU.ActiveCfg = Debug|Any CPU
		{DC26C154-9AE1-4762-B489-C555D25576CD}.Debug|Any CPU.Build.0 = Debug|Any CPU
		{DC26C154-9AE1-4762-B489-C555D25576CD}.Release|Any CPU.ActiveCfg = Release|Any CPU
		{DC26C154-9AE1-4762-B489-C555D25576CD}.Release|Any CPU.Build.0 = Release|Any CPU
		{C9B9D1E9-B202-43B8-8A8E-817ED0DD6E7D}.Debug|Any CPU.ActiveCfg = Debug|Any CPU
		{C9B9D1E9-B202-43B8-8A8E-817ED0DD6E7D}.Debug|Any CPU.Build.0 = Debug|Any CPU
		{C9B9D1E9-B202-43B8-8A8E-817ED0DD6E7D}.Release|Any CPU.ActiveCfg = Release|Any CPU
		{C9B9D1E9-B202-43B8-8A8E-817ED0DD6E7D}.Release|Any CPU.Build.0 = Release|Any CPU
		{E7F4D057-D142-4019-800E-B49B474A5963}.Debug|Any CPU.ActiveCfg = Debug|Any CPU
		{E7F4D057-D142-4019-800E-B49B474A5963}.Debug|Any CPU.Build.0 = Debug|Any CPU
		{E7F4D057-D142-4019-800E-B49B474A5963}.Release|Any CPU.ActiveCfg = Release|Any CPU
		{E7F4D057-D142-4019-800E-B49B474A5963}.Release|Any CPU.Build.0 = Release|Any CPU
		{12FAB19D-E098-4573-A536-69C6E6D62B35}.Debug|Any CPU.ActiveCfg = Debug|Any CPU
		{12FAB19D-E098-4573-A536-69C6E6D62B35}.Debug|Any CPU.Build.0 = Debug|Any CPU
		{12FAB19D-E098-4573-A536-69C6E6D62B35}.Release|Any CPU.ActiveCfg = Release|Any CPU
		{12FAB19D-E098-4573-A536-69C6E6D62B35}.Release|Any CPU.Build.0 = Release|Any CPU
		{21EA526F-FE0B-42C0-A19B-04E671F21B6D}.Debug|Any CPU.ActiveCfg = Debug|Any CPU
		{21EA526F-FE0B-42C0-A19B-04E671F21B6D}.Debug|Any CPU.Build.0 = Debug|Any CPU
		{21EA526F-FE0B-42C0-A19B-04E671F21B6D}.Release|Any CPU.ActiveCfg = Release|Any CPU
		{21EA526F-FE0B-42C0-A19B-04E671F21B6D}.Release|Any CPU.Build.0 = Release|Any CPU
		{599DE079-92B2-4A21-89BB-5784D4DEABF2}.Debug|Any CPU.ActiveCfg = Debug|Any CPU
		{599DE079-92B2-4A21-89BB-5784D4DEABF2}.Debug|Any CPU.Build.0 = Debug|Any CPU
		{599DE079-92B2-4A21-89BB-5784D4DEABF2}.Release|Any CPU.ActiveCfg = Release|Any CPU
		{599DE079-92B2-4A21-89BB-5784D4DEABF2}.Release|Any CPU.Build.0 = Release|Any CPU
		{76836F56-DEBE-4E42-9C7F-A146D16E908A}.Debug|Any CPU.ActiveCfg = Debug|Any CPU
		{76836F56-DEBE-4E42-9C7F-A146D16E908A}.Debug|Any CPU.Build.0 = Debug|Any CPU
		{76836F56-DEBE-4E42-9C7F-A146D16E908A}.Release|Any CPU.ActiveCfg = Release|Any CPU
		{76836F56-DEBE-4E42-9C7F-A146D16E908A}.Release|Any CPU.Build.0 = Release|Any CPU
	EndGlobalSection
	GlobalSection(SolutionProperties) = preSolution
		HideSolutionNode = FALSE
	EndGlobalSection
	GlobalSection(NestedProjects) = preSolution
		{0AF57DB3-899E-47C9-8C87-DB73D06BF886} = {D991CB2E-CE38-4DEE-9DCF-AB11AE174B10}
		{9065D74C-5517-4746-B0FA-59209B83A6A4} = {D991CB2E-CE38-4DEE-9DCF-AB11AE174B10}
		{13BF96CB-74CF-40AD-8256-BA76C7B7A05A} = {D991CB2E-CE38-4DEE-9DCF-AB11AE174B10}
		{58CA0D20-B0FD-47B6-AF20-7158BEE24557} = {F179BE77-4DF4-435B-BCE5-C8DC2F39C236}
		{06FF31B6-031E-48DD-8CF9-75C24355611B} = {F179BE77-4DF4-435B-BCE5-C8DC2F39C236}
		{DC26C154-9AE1-4762-B489-C555D25576CD} = {D991CB2E-CE38-4DEE-9DCF-AB11AE174B10}
		{C9B9D1E9-B202-43B8-8A8E-817ED0DD6E7D} = {F179BE77-4DF4-435B-BCE5-C8DC2F39C236}
		{E7F4D057-D142-4019-800E-B49B474A5963} = {E9897BC8-8857-4187-B534-484854FD4A27}
		{12FAB19D-E098-4573-A536-69C6E6D62B35} = {5458B1B8-B097-42B1-91AD-F79F451EAFAC}
		{21EA526F-FE0B-42C0-A19B-04E671F21B6D} = {D991CB2E-CE38-4DEE-9DCF-AB11AE174B10}
		{599DE079-92B2-4A21-89BB-5784D4DEABF2} = {D991CB2E-CE38-4DEE-9DCF-AB11AE174B10}
		{76836F56-DEBE-4E42-9C7F-A146D16E908A} = {D991CB2E-CE38-4DEE-9DCF-AB11AE174B10}
	EndGlobalSection
	GlobalSection(ExtensibilityGlobals) = postSolution
		SolutionGuid = {D615B1D1-B2B9-425C-B0C3-87C0763326B3}
	EndGlobalSection
EndGlobal
